
Microsoft Visual Studio Solution File, Format Version 12.00
# Visual Studio Version 16
VisualStudioVersion = 16.0.29411.108
MinimumVisualStudioVersion = 10.0.40219.1
Project("{FAE04EC0-301F-11D3-BF4B-00C04F79EFBC}") = "Project", "Project\Project.csproj", "{74019F80-4D4A-405E-862E-5A402F8AB162}"
EndProject
Project("{2150E333-8FDC-42A3-9474-1A3956D46DE8}") = "Solution Items", "Solution Items", "{55880FD9-FA8A-4CE7-B5D1-C0C5647DED66}"
	ProjectSection(SolutionItems) = preProject
		.gitignore = .gitignore
	EndProjectSection
EndProject
Global
	GlobalSection(SolutionConfigurationPlatforms) = preSolution
		Debug|Any CPU = Debug|Any CPU
		Release|Any CPU = Release|Any CPU
	EndGlobalSection
	GlobalSection(ProjectConfigurationPlatforms) = postSolution
		{74019F80-4D4A-405E-862E-5A402F8AB162}.Debug|Any CPU.ActiveCfg = Debug|Any CPU
		{74019F80-4D4A-405E-862E-5A402F8AB162}.Debug|Any CPU.Build.0 = Debug|Any CPU
		{74019F80-4D4A-405E-862E-5A402F8AB162}.Release|Any CPU.ActiveCfg = Release|Any CPU
		{74019F80-4D4A-405E-862E-5A402F8AB162}.Release|Any CPU.Build.0 = Release|Any CPU
	EndGlobalSection
	GlobalSection(SolutionProperties) = preSolution
		HideSolutionNode = FALSE
	EndGlobalSection
	GlobalSection(ExtensibilityGlobals) = postSolution
		SolutionGuid = {17356D3B-13C7-481B-B5D5-414DC8752F9F}
	EndGlobalSection
EndGlobal
